
Microsoft Visual Studio Solution File, Format Version 12.00
# Visual Studio 2012
Project("{FAE04EC0-301F-11D3-BF4B-00C04F79EFBC}") = "LiveXamlEdit.Forms", "LiveXamlEdit.Forms.csproj", "{6187D63F-7B80-4BDF-B0ED-8DBC533F9720}"
EndProject
Project("{FAE04EC0-301F-11D3-BF4B-00C04F79EFBC}") = "LiveXamlEdit.Forms.iOS", "iOS\LiveXamlEdit.Forms.iOS.csproj", "{B58DF385-677E-4613-B6BC-9819059454BF}"
EndProject
Project("{FAE04EC0-301F-11D3-BF4B-00C04F79EFBC}") = "LiveXamlEdit.Forms.Droid", "Droid\LiveXamlEdit.Forms.Droid.csproj", "{C02E50EA-27A5-42FA-82AF-6108913B7183}"
EndProject
Project("{FAE04EC0-301F-11D3-BF4B-00C04F79EFBC}") = "LiveXamlEdit.Desktop", "Editor\LiveXamlEdit.Desktop.csproj", "{BA412C47-FD5A-4F29-863F-01493B84928D}"
EndProject
Project("{FAE04EC0-301F-11D3-BF4B-00C04F79EFBC}") = "Mesharp", "Mesharp\Mesharp.csproj", "{DC6B5E9C-4B3A-49D6-802F-215AC59AE8DC}"
EndProject
Project("{FAE04EC0-301F-11D3-BF4B-00C04F79EFBC}") = "LiveXamlEdit.Messaging", "LiveXamlEdit.MessageService\LiveXamlEdit.Messaging.csproj", "{6798ED4F-B72D-43D8-8D32-11FDE19B6126}"
EndProject
Project("{D954291E-2A0B-460D-934E-DC6B0785DB48}") = "LiveXamlEdit.Common", "LiveXamlEdit.Common\LiveXamlEdit.Common.shproj", "{CF44D2F0-5208-4F24-8042-A5ACB56808D9}"
EndProject
Project("{FAE04EC0-301F-11D3-BF4B-00C04F79EFBC}") = "LiveXamlEdit.Server", "LiveXamlEdit.Server\LiveXamlEdit.Server.csproj", "{9E89954F-DF86-4968-8A4A-736E954AA7A8}"
EndProject
Global
	GlobalSection(SolutionConfigurationPlatforms) = preSolution
		Debug|Any CPU = Debug|Any CPU
		Release|Any CPU = Release|Any CPU
		Debug|iPhoneSimulator = Debug|iPhoneSimulator
		Release|iPhone = Release|iPhone
		Release|iPhoneSimulator = Release|iPhoneSimulator
		Debug|iPhone = Debug|iPhone
		Debug|x86 = Debug|x86
		Release|x86 = Release|x86
	EndGlobalSection
	GlobalSection(ProjectConfigurationPlatforms) = postSolution
		{6187D63F-7B80-4BDF-B0ED-8DBC533F9720}.Debug|Any CPU.ActiveCfg = Debug|Any CPU
		{6187D63F-7B80-4BDF-B0ED-8DBC533F9720}.Debug|Any CPU.Build.0 = Debug|Any CPU
		{6187D63F-7B80-4BDF-B0ED-8DBC533F9720}.Debug|iPhone.ActiveCfg = Debug|Any CPU
		{6187D63F-7B80-4BDF-B0ED-8DBC533F9720}.Debug|iPhone.Build.0 = Debug|Any CPU
		{6187D63F-7B80-4BDF-B0ED-8DBC533F9720}.Debug|iPhoneSimulator.ActiveCfg = Debug|Any CPU
		{6187D63F-7B80-4BDF-B0ED-8DBC533F9720}.Debug|iPhoneSimulator.Build.0 = Debug|Any CPU
		{6187D63F-7B80-4BDF-B0ED-8DBC533F9720}.Debug|x86.ActiveCfg = Debug|Any CPU
		{6187D63F-7B80-4BDF-B0ED-8DBC533F9720}.Debug|x86.Build.0 = Debug|Any CPU
		{6187D63F-7B80-4BDF-B0ED-8DBC533F9720}.Release|Any CPU.ActiveCfg = Release|Any CPU
		{6187D63F-7B80-4BDF-B0ED-8DBC533F9720}.Release|Any CPU.Build.0 = Release|Any CPU
		{6187D63F-7B80-4BDF-B0ED-8DBC533F9720}.Release|iPhone.ActiveCfg = Release|Any CPU
		{6187D63F-7B80-4BDF-B0ED-8DBC533F9720}.Release|iPhone.Build.0 = Release|Any CPU
		{6187D63F-7B80-4BDF-B0ED-8DBC533F9720}.Release|iPhoneSimulator.ActiveCfg = Release|Any CPU
		{6187D63F-7B80-4BDF-B0ED-8DBC533F9720}.Release|iPhoneSimulator.Build.0 = Release|Any CPU
		{6187D63F-7B80-4BDF-B0ED-8DBC533F9720}.Release|x86.ActiveCfg = Release|Any CPU
		{6187D63F-7B80-4BDF-B0ED-8DBC533F9720}.Release|x86.Build.0 = Release|Any CPU
		{6798ED4F-B72D-43D8-8D32-11FDE19B6126}.Debug|Any CPU.ActiveCfg = Debug|Any CPU
		{6798ED4F-B72D-43D8-8D32-11FDE19B6126}.Debug|Any CPU.Build.0 = Debug|Any CPU
		{6798ED4F-B72D-43D8-8D32-11FDE19B6126}.Debug|iPhone.ActiveCfg = Debug|Any CPU
		{6798ED4F-B72D-43D8-8D32-11FDE19B6126}.Debug|iPhone.Build.0 = Debug|Any CPU
		{6798ED4F-B72D-43D8-8D32-11FDE19B6126}.Debug|iPhoneSimulator.ActiveCfg = Debug|Any CPU
		{6798ED4F-B72D-43D8-8D32-11FDE19B6126}.Debug|iPhoneSimulator.Build.0 = Debug|Any CPU
		{6798ED4F-B72D-43D8-8D32-11FDE19B6126}.Debug|x86.ActiveCfg = Debug|Any CPU
		{6798ED4F-B72D-43D8-8D32-11FDE19B6126}.Debug|x86.Build.0 = Debug|Any CPU
		{6798ED4F-B72D-43D8-8D32-11FDE19B6126}.Release|Any CPU.ActiveCfg = Release|Any CPU
		{6798ED4F-B72D-43D8-8D32-11FDE19B6126}.Release|Any CPU.Build.0 = Release|Any CPU
		{6798ED4F-B72D-43D8-8D32-11FDE19B6126}.Release|iPhone.ActiveCfg = Release|Any CPU
		{6798ED4F-B72D-43D8-8D32-11FDE19B6126}.Release|iPhone.Build.0 = Release|Any CPU
		{6798ED4F-B72D-43D8-8D32-11FDE19B6126}.Release|iPhoneSimulator.ActiveCfg = Release|Any CPU
		{6798ED4F-B72D-43D8-8D32-11FDE19B6126}.Release|iPhoneSimulator.Build.0 = Release|Any CPU
		{6798ED4F-B72D-43D8-8D32-11FDE19B6126}.Release|x86.ActiveCfg = Release|Any CPU
		{6798ED4F-B72D-43D8-8D32-11FDE19B6126}.Release|x86.Build.0 = Release|Any CPU
		{9E89954F-DF86-4968-8A4A-736E954AA7A8}.Debug|Any CPU.ActiveCfg = Debug|x86
		{9E89954F-DF86-4968-8A4A-736E954AA7A8}.Debug|Any CPU.Build.0 = Debug|x86
		{9E89954F-DF86-4968-8A4A-736E954AA7A8}.Debug|iPhone.ActiveCfg = Debug|x86
		{9E89954F-DF86-4968-8A4A-736E954AA7A8}.Debug|iPhone.Build.0 = Debug|x86
		{9E89954F-DF86-4968-8A4A-736E954AA7A8}.Debug|iPhoneSimulator.ActiveCfg = Debug|x86
		{9E89954F-DF86-4968-8A4A-736E954AA7A8}.Debug|iPhoneSimulator.Build.0 = Debug|x86
		{9E89954F-DF86-4968-8A4A-736E954AA7A8}.Debug|x86.ActiveCfg = Debug|x86
		{9E89954F-DF86-4968-8A4A-736E954AA7A8}.Debug|x86.Build.0 = Debug|x86
		{9E89954F-DF86-4968-8A4A-736E954AA7A8}.Release|Any CPU.ActiveCfg = Release|x86
		{9E89954F-DF86-4968-8A4A-736E954AA7A8}.Release|Any CPU.Build.0 = Release|x86
		{9E89954F-DF86-4968-8A4A-736E954AA7A8}.Release|iPhone.ActiveCfg = Release|x86
		{9E89954F-DF86-4968-8A4A-736E954AA7A8}.Release|iPhone.Build.0 = Release|x86
		{9E89954F-DF86-4968-8A4A-736E954AA7A8}.Release|iPhoneSimulator.ActiveCfg = Release|x86
		{9E89954F-DF86-4968-8A4A-736E954AA7A8}.Release|iPhoneSimulator.Build.0 = Release|x86
		{9E89954F-DF86-4968-8A4A-736E954AA7A8}.Release|x86.ActiveCfg = Release|x86
		{9E89954F-DF86-4968-8A4A-736E954AA7A8}.Release|x86.Build.0 = Release|x86
		{B58DF385-677E-4613-B6BC-9819059454BF}.Debug|Any CPU.ActiveCfg = Debug|iPhoneSimulator
		{B58DF385-677E-4613-B6BC-9819059454BF}.Debug|Any CPU.Build.0 = Debug|iPhoneSimulator
		{B58DF385-677E-4613-B6BC-9819059454BF}.Debug|iPhone.ActiveCfg = Debug|iPhone
		{B58DF385-677E-4613-B6BC-9819059454BF}.Debug|iPhone.Build.0 = Debug|iPhone
		{B58DF385-677E-4613-B6BC-9819059454BF}.Debug|iPhoneSimulator.ActiveCfg = Debug|iPhoneSimulator
		{B58DF385-677E-4613-B6BC-9819059454BF}.Debug|iPhoneSimulator.Build.0 = Debug|iPhoneSimulator
		{B58DF385-677E-4613-B6BC-9819059454BF}.Debug|x86.ActiveCfg = Debug|iPhoneSimulator
		{B58DF385-677E-4613-B6BC-9819059454BF}.Debug|x86.Build.0 = Debug|iPhoneSimulator
		{B58DF385-677E-4613-B6BC-9819059454BF}.Release|Any CPU.ActiveCfg = Release|iPhone
		{B58DF385-677E-4613-B6BC-9819059454BF}.Release|Any CPU.Build.0 = Release|iPhone
		{B58DF385-677E-4613-B6BC-9819059454BF}.Release|iPhone.ActiveCfg = Release|iPhone
		{B58DF385-677E-4613-B6BC-9819059454BF}.Release|iPhone.Build.0 = Release|iPhone
		{B58DF385-677E-4613-B6BC-9819059454BF}.Release|iPhoneSimulator.ActiveCfg = Release|iPhoneSimulator
		{B58DF385-677E-4613-B6BC-9819059454BF}.Release|iPhoneSimulator.Build.0 = Release|iPhoneSimulator
		{B58DF385-677E-4613-B6BC-9819059454BF}.Release|x86.ActiveCfg = Release|iPhone
		{B58DF385-677E-4613-B6BC-9819059454BF}.Release|x86.Build.0 = Release|iPhone
		{BA412C47-FD5A-4F29-863F-01493B84928D}.Debug|Any CPU.ActiveCfg = Debug|Any CPU
		{BA412C47-FD5A-4F29-863F-01493B84928D}.Debug|Any CPU.Build.0 = Debug|Any CPU
		{BA412C47-FD5A-4F29-863F-01493B84928D}.Debug|iPhone.ActiveCfg = Debug|Any CPU
		{BA412C47-FD5A-4F29-863F-01493B84928D}.Debug|iPhone.Build.0 = Debug|Any CPU
		{BA412C47-FD5A-4F29-863F-01493B84928D}.Debug|iPhoneSimulator.ActiveCfg = Debug|Any CPU
		{BA412C47-FD5A-4F29-863F-01493B84928D}.Debug|iPhoneSimulator.Build.0 = Debug|Any CPU
		{BA412C47-FD5A-4F29-863F-01493B84928D}.Debug|x86.ActiveCfg = Debug|Any CPU
		{BA412C47-FD5A-4F29-863F-01493B84928D}.Debug|x86.Build.0 = Debug|Any CPU
		{BA412C47-FD5A-4F29-863F-01493B84928D}.Release|Any CPU.ActiveCfg = Release|Any CPU
		{BA412C47-FD5A-4F29-863F-01493B84928D}.Release|Any CPU.Build.0 = Release|Any CPU
		{BA412C47-FD5A-4F29-863F-01493B84928D}.Release|iPhone.ActiveCfg = Release|Any CPU
		{BA412C47-FD5A-4F29-863F-01493B84928D}.Release|iPhone.Build.0 = Release|Any CPU
		{BA412C47-FD5A-4F29-863F-01493B84928D}.Release|iPhoneSimulator.ActiveCfg = Release|Any CPU
		{BA412C47-FD5A-4F29-863F-01493B84928D}.Release|iPhoneSimulator.Build.0 = Release|Any CPU
		{BA412C47-FD5A-4F29-863F-01493B84928D}.Release|x86.ActiveCfg = Release|Any CPU
		{BA412C47-FD5A-4F29-863F-01493B84928D}.Release|x86.Build.0 = Release|Any CPU
		{C02E50EA-27A5-42FA-82AF-6108913B7183}.Debug|Any CPU.ActiveCfg = Debug|Any CPU
		{C02E50EA-27A5-42FA-82AF-6108913B7183}.Debug|Any CPU.Build.0 = Debug|Any CPU
		{C02E50EA-27A5-42FA-82AF-6108913B7183}.Debug|iPhone.ActiveCfg = Debug|Any CPU
		{C02E50EA-27A5-42FA-82AF-6108913B7183}.Debug|iPhone.Build.0 = Debug|Any CPU
		{C02E50EA-27A5-42FA-82AF-6108913B7183}.Debug|iPhoneSimulator.ActiveCfg = Debug|Any CPU
		{C02E50EA-27A5-42FA-82AF-6108913B7183}.Debug|iPhoneSimulator.Build.0 = Debug|Any CPU
		{C02E50EA-27A5-42FA-82AF-6108913B7183}.Debug|x86.ActiveCfg = Debug|Any CPU
		{C02E50EA-27A5-42FA-82AF-6108913B7183}.Debug|x86.Build.0 = Debug|Any CPU
		{C02E50EA-27A5-42FA-82AF-6108913B7183}.Release|Any CPU.ActiveCfg = Release|Any CPU
		{C02E50EA-27A5-42FA-82AF-6108913B7183}.Release|Any CPU.Build.0 = Release|Any CPU
		{C02E50EA-27A5-42FA-82AF-6108913B7183}.Release|iPhone.ActiveCfg = Release|Any CPU
		{C02E50EA-27A5-42FA-82AF-6108913B7183}.Release|iPhone.Build.0 = Release|Any CPU
		{C02E50EA-27A5-42FA-82AF-6108913B7183}.Release|iPhoneSimulator.ActiveCfg = Release|Any CPU
		{C02E50EA-27A5-42FA-82AF-6108913B7183}.Release|iPhoneSimulator.Build.0 = Release|Any CPU
		{C02E50EA-27A5-42FA-82AF-6108913B7183}.Release|x86.ActiveCfg = Release|Any CPU
		{C02E50EA-27A5-42FA-82AF-6108913B7183}.Release|x86.Build.0 = Release|Any CPU
		{DC6B5E9C-4B3A-49D6-802F-215AC59AE8DC}.Debug|Any CPU.ActiveCfg = Debug|Any CPU
		{DC6B5E9C-4B3A-49D6-802F-215AC59AE8DC}.Debug|Any CPU.Build.0 = Debug|Any CPU
		{DC6B5E9C-4B3A-49D6-802F-215AC59AE8DC}.Debug|iPhone.ActiveCfg = Debug|Any CPU
		{DC6B5E9C-4B3A-49D6-802F-215AC59AE8DC}.Debug|iPhone.Build.0 = Debug|Any CPU
		{DC6B5E9C-4B3A-49D6-802F-215AC59AE8DC}.Debug|iPhoneSimulator.ActiveCfg = Debug|Any CPU
		{DC6B5E9C-4B3A-49D6-802F-215AC59AE8DC}.Debug|iPhoneSimulator.Build.0 = Debug|Any CPU
		{DC6B5E9C-4B3A-49D6-802F-215AC59AE8DC}.Debug|x86.ActiveCfg = Debug|Any CPU
		{DC6B5E9C-4B3A-49D6-802F-215AC59AE8DC}.Debug|x86.Build.0 = Debug|Any CPU
		{DC6B5E9C-4B3A-49D6-802F-215AC59AE8DC}.Release|Any CPU.ActiveCfg = Release|Any CPU
		{DC6B5E9C-4B3A-49D6-802F-215AC59AE8DC}.Release|Any CPU.Build.0 = Release|Any CPU
		{DC6B5E9C-4B3A-49D6-802F-215AC59AE8DC}.Release|iPhone.ActiveCfg = Release|Any CPU
		{DC6B5E9C-4B3A-49D6-802F-215AC59AE8DC}.Release|iPhone.Build.0 = Release|Any CPU
		{DC6B5E9C-4B3A-49D6-802F-215AC59AE8DC}.Release|iPhoneSimulator.ActiveCfg = Release|Any CPU
		{DC6B5E9C-4B3A-49D6-802F-215AC59AE8DC}.Release|iPhoneSimulator.Build.0 = Release|Any CPU
		{DC6B5E9C-4B3A-49D6-802F-215AC59AE8DC}.Release|x86.ActiveCfg = Release|Any CPU
		{DC6B5E9C-4B3A-49D6-802F-215AC59AE8DC}.Release|x86.Build.0 = Release|Any CPU
	EndGlobalSection
EndGlobal
